
Microsoft Visual Studio Solution File, Format Version 12.00
# Visual Studio Version 17
VisualStudioVersion = 17.5.33414.496
MinimumVisualStudioVersion = 10.0.40219.1
Project("{FAE04EC0-301F-11D3-BF4B-00C04F79EFBC}") = "Repository Pattern", "Repository Pattern.csproj", "{ECA86530-B4D6-44C8-AC81-F771EBFEB635}"
EndProject
Global
	GlobalSection(SolutionConfigurationPlatforms) = preSolution
		Debug|Any CPU = Debug|Any CPU
		Release|Any CPU = Release|Any CPU
	EndGlobalSection
	GlobalSection(ProjectConfigurationPlatforms) = postSolution
		{ECA86530-B4D6-44C8-AC81-F771EBFEB635}.Debug|Any CPU.ActiveCfg = Debug|Any CPU
		{ECA86530-B4D6-44C8-AC81-F771EBFEB635}.Debug|Any CPU.Build.0 = Debug|Any CPU
		{ECA86530-B4D6-44C8-AC81-F771EBFEB635}.Release|Any CPU.ActiveCfg = Release|Any CPU
		{ECA86530-B4D6-44C8-AC81-F771EBFEB635}.Release|Any CPU.Build.0 = Release|Any CPU
	EndGlobalSection
	GlobalSection(SolutionProperties) = preSolution
		HideSolutionNode = FALSE
	EndGlobalSection
	GlobalSection(ExtensibilityGlobals) = postSolution
		SolutionGuid = {60A798B5-ACD0-446B-99D6-7CEA26306323}
	EndGlobalSection
EndGlobal
